// !$*UTF8*$!
{
	archiveVersion = 1;
	classes = {
	};
	objectVersion = 56;
	objects = {

/* Begin PBXBuildFile section */
		13D45C19873EF6583B09BA87 /* Pods_iOS_Swift.framework in Frameworks */ = {isa = PBXBuildFile; fileRef = 2DBA92CAC1B472336FFA1EFA /* Pods_iOS_Swift.framework */; };
		585B49792A83B0D900B60E34 /* LowestCommonMutiple.swift in Sources */ = {isa = PBXBuildFile; fileRef = 585B49782A83B0D900B60E34 /* LowestCommonMutiple.swift */; };
		58688A972A4837DE0077D8DA /* AppDelegate.swift in Sources */ = {isa = PBXBuildFile; fileRef = 58688A962A4837DE0077D8DA /* AppDelegate.swift */; };
		58688A992A4837DE0077D8DA /* SceneDelegate.swift in Sources */ = {isa = PBXBuildFile; fileRef = 58688A982A4837DE0077D8DA /* SceneDelegate.swift */; };
		58688A9B2A4837DE0077D8DA /* ViewController.swift in Sources */ = {isa = PBXBuildFile; fileRef = 58688A9A2A4837DE0077D8DA /* ViewController.swift */; };
		58688A9E2A4837DE0077D8DA /* Main.storyboard in Resources */ = {isa = PBXBuildFile; fileRef = 58688A9C2A4837DE0077D8DA /* Main.storyboard */; };
		58688AA02A4837DF0077D8DA /* Assets.xcassets in Resources */ = {isa = PBXBuildFile; fileRef = 58688A9F2A4837DF0077D8DA /* Assets.xcassets */; };
		58688AA32A4837DF0077D8DA /* LaunchScreen.storyboard in Resources */ = {isa = PBXBuildFile; fileRef = 58688AA12A4837DF0077D8DA /* LaunchScreen.storyboard */; };
		586FD83F2AD7C3E1000536ED /* Code.swift in Sources */ = {isa = PBXBuildFile; fileRef = 586FD83E2AD7C3E1000536ED /* Code.swift */; };
		588D8E052A5FF4A40014D195 /* Sort.swift in Sources */ = {isa = PBXBuildFile; fileRef = 588D8E042A5FF4A40014D195 /* Sort.swift */; };
		588D8E072A6AC2970014D195 /* Backtrace.swift in Sources */ = {isa = PBXBuildFile; fileRef = 588D8E062A6AC2970014D195 /* Backtrace.swift */; };
		588D8E092A6AC3440014D195 /* Greedy.swift in Sources */ = {isa = PBXBuildFile; fileRef = 588D8E082A6AC3440014D195 /* Greedy.swift */; };
		588D8E0D2A6E26540014D195 /* DynamicProgram.swift in Sources */ = {isa = PBXBuildFile; fileRef = 588D8E0C2A6E26540014D195 /* DynamicProgram.swift */; };
		588D8E0F2A6E72FA0014D195 /* TDArray.swift in Sources */ = {isa = PBXBuildFile; fileRef = 588D8E0E2A6E72FA0014D195 /* TDArray.swift */; };
		588D8E2E2A6FD5DB0014D195 /* Partition.swift in Sources */ = {isa = PBXBuildFile; fileRef = 588D8E2D2A6FD5DB0014D195 /* Partition.swift */; };
		588D8E302A70191E0014D195 /* README.md in Resources */ = {isa = PBXBuildFile; fileRef = 588D8E2F2A70191E0014D195 /* README.md */; };
		588D8E572A70FDBE0014D195 /* SlideWindow.swift in Sources */ = {isa = PBXBuildFile; fileRef = 588D8E562A70FDBE0014D195 /* SlideWindow.swift */; };
		58A7A5932A739C2D00939F74 /* BinaryTree.swift in Sources */ = {isa = PBXBuildFile; fileRef = 58A7A5922A739C2D00939F74 /* BinaryTree.swift */; };
		58A7A5952A74F60A00939F74 /* Hash.swift in Sources */ = {isa = PBXBuildFile; fileRef = 58A7A5942A74F60A00939F74 /* Hash.swift */; };
		58A7A5972A75107600939F74 /* Stack.swift in Sources */ = {isa = PBXBuildFile; fileRef = 58A7A5962A75107600939F74 /* Stack.swift */; };
		58A7A5992A762F6700939F74 /* Enum.swift in Sources */ = {isa = PBXBuildFile; fileRef = 58A7A5982A762F6700939F74 /* Enum.swift */; };
		58A7A59B2A765DB100939F74 /* Subset.swift in Sources */ = {isa = PBXBuildFile; fileRef = 58A7A59A2A765DB100939F74 /* Subset.swift */; };
		58A7A5A02A77944400939F74 /* LinkedList.swift in Sources */ = {isa = PBXBuildFile; fileRef = 58A7A59F2A77944400939F74 /* LinkedList.swift */; };
		58A7A5A22A78065800939F74 /* Exams.swift in Sources */ = {isa = PBXBuildFile; fileRef = 58A7A5A12A78065800939F74 /* Exams.swift */; };
/* End PBXBuildFile section */

/* Begin PBXFileReference section */
		1292C83C5AECE1630949576F /* Pods-iOS.Swift.debug.xcconfig */ = {isa = PBXFileReference; includeInIndex = 1; lastKnownFileType = text.xcconfig; name = "Pods-iOS.Swift.debug.xcconfig"; path = "Target Support Files/Pods-iOS.Swift/Pods-iOS.Swift.debug.xcconfig"; sourceTree = "<group>"; };
		2DBA92CAC1B472336FFA1EFA /* Pods_iOS_Swift.framework */ = {isa = PBXFileReference; explicitFileType = wrapper.framework; includeInIndex = 0; path = Pods_iOS_Swift.framework; sourceTree = BUILT_PRODUCTS_DIR; };
		585B49782A83B0D900B60E34 /* LowestCommonMutiple.swift */ = {isa = PBXFileReference; lastKnownFileType = sourcecode.swift; path = LowestCommonMutiple.swift; sourceTree = "<group>"; };
		58688A932A4837DE0077D8DA /* iOS.Swift.app */ = {isa = PBXFileReference; explicitFileType = wrapper.application; includeInIndex = 0; path = iOS.Swift.app; sourceTree = BUILT_PRODUCTS_DIR; };
		58688A962A4837DE0077D8DA /* AppDelegate.swift */ = {isa = PBXFileReference; lastKnownFileType = sourcecode.swift; path = AppDelegate.swift; sourceTree = "<group>"; };
		58688A982A4837DE0077D8DA /* SceneDelegate.swift */ = {isa = PBXFileReference; lastKnownFileType = sourcecode.swift; path = SceneDelegate.swift; sourceTree = "<group>"; };
		58688A9A2A4837DE0077D8DA /* ViewController.swift */ = {isa = PBXFileReference; lastKnownFileType = sourcecode.swift; path = ViewController.swift; sourceTree = "<group>"; };
		58688A9D2A4837DE0077D8DA /* Base */ = {isa = PBXFileReference; lastKnownFileType = file.storyboard; name = Base; path = Base.lproj/Main.storyboard; sourceTree = "<group>"; };
		58688A9F2A4837DF0077D8DA /* Assets.xcassets */ = {isa = PBXFileReference; lastKnownFileType = folder.assetcatalog; path = Assets.xcassets; sourceTree = "<group>"; };
		58688AA22A4837DF0077D8DA /* Base */ = {isa = PBXFileReference; lastKnownFileType = file.storyboard; name = Base; path = Base.lproj/LaunchScreen.storyboard; sourceTree = "<group>"; };
		58688AA42A4837DF0077D8DA /* Info.plist */ = {isa = PBXFileReference; lastKnownFileType = text.plist.xml; path = Info.plist; sourceTree = "<group>"; };
		586FD83E2AD7C3E1000536ED /* Code.swift */ = {isa = PBXFileReference; lastKnownFileType = sourcecode.swift; path = Code.swift; sourceTree = "<group>"; };
		588D8E042A5FF4A40014D195 /* Sort.swift */ = {isa = PBXFileReference; lastKnownFileType = sourcecode.swift; path = Sort.swift; sourceTree = "<group>"; };
		588D8E062A6AC2970014D195 /* Backtrace.swift */ = {isa = PBXFileReference; lastKnownFileType = sourcecode.swift; path = Backtrace.swift; sourceTree = "<group>"; };
		588D8E082A6AC3440014D195 /* Greedy.swift */ = {isa = PBXFileReference; lastKnownFileType = sourcecode.swift; path = Greedy.swift; sourceTree = "<group>"; };
		588D8E0C2A6E26540014D195 /* DynamicProgram.swift */ = {isa = PBXFileReference; lastKnownFileType = sourcecode.swift; path = DynamicProgram.swift; sourceTree = "<group>"; };
		588D8E0E2A6E72FA0014D195 /* TDArray.swift */ = {isa = PBXFileReference; lastKnownFileType = sourcecode.swift; path = TDArray.swift; sourceTree = "<group>"; };
		588D8E2D2A6FD5DB0014D195 /* Partition.swift */ = {isa = PBXFileReference; lastKnownFileType = sourcecode.swift; path = Partition.swift; sourceTree = "<group>"; };
		588D8E2F2A70191E0014D195 /* README.md */ = {isa = PBXFileReference; fileEncoding = 4; lastKnownFileType = net.daringfireball.markdown; path = README.md; sourceTree = SOURCE_ROOT; };
		588D8E562A70FDBE0014D195 /* SlideWindow.swift */ = {isa = PBXFileReference; lastKnownFileType = sourcecode.swift; path = SlideWindow.swift; sourceTree = "<group>"; };
		58A7A5922A739C2D00939F74 /* BinaryTree.swift */ = {isa = PBXFileReference; lastKnownFileType = sourcecode.swift; path = BinaryTree.swift; sourceTree = "<group>"; };
		58A7A5942A74F60A00939F74 /* Hash.swift */ = {isa = PBXFileReference; lastKnownFileType = sourcecode.swift; path = Hash.swift; sourceTree = "<group>"; };
		58A7A5962A75107600939F74 /* Stack.swift */ = {isa = PBXFileReference; lastKnownFileType = sourcecode.swift; path = Stack.swift; sourceTree = "<group>"; };
		58A7A5982A762F6700939F74 /* Enum.swift */ = {isa = PBXFileReference; lastKnownFileType = sourcecode.swift; path = Enum.swift; sourceTree = "<group>"; };
		58A7A59A2A765DB100939F74 /* Subset.swift */ = {isa = PBXFileReference; lastKnownFileType = sourcecode.swift; path = Subset.swift; sourceTree = "<group>"; };
		58A7A59F2A77944400939F74 /* LinkedList.swift */ = {isa = PBXFileReference; lastKnownFileType = sourcecode.swift; path = LinkedList.swift; sourceTree = "<group>"; };
		58A7A5A12A78065800939F74 /* Exams.swift */ = {isa = PBXFileReference; lastKnownFileType = sourcecode.swift; path = Exams.swift; sourceTree = "<group>"; };
		D9133723E616C8F20AEE4BC1 /* Pods-iOS.Swift.release.xcconfig */ = {isa = PBXFileReference; includeInIndex = 1; lastKnownFileType = text.xcconfig; name = "Pods-iOS.Swift.release.xcconfig"; path = "Target Support Files/Pods-iOS.Swift/Pods-iOS.Swift.release.xcconfig"; sourceTree = "<group>"; };
/* End PBXFileReference section */

/* Begin PBXFrameworksBuildPhase section */
		58688A902A4837DE0077D8DA /* Frameworks */ = {
			isa = PBXFrameworksBuildPhase;
			buildActionMask = 2147483647;
			files = (
				13D45C19873EF6583B09BA87 /* Pods_iOS_Swift.framework in Frameworks */,
			);
			runOnlyForDeploymentPostprocessing = 0;
		};
/* End PBXFrameworksBuildPhase section */

/* Begin PBXGroup section */
		58688A8A2A4837DE0077D8DA = {
			isa = PBXGroup;
			children = (
				58688A952A4837DE0077D8DA /* iOS.Swift */,
				58688A942A4837DE0077D8DA /* Products */,
				70ED026FE49001A1C61E4B51 /* Pods */,
				FC962D38FC16CB056BE38333 /* Frameworks */,
			);
			sourceTree = "<group>";
		};
		58688A942A4837DE0077D8DA /* Products */ = {
			isa = PBXGroup;
			children = (
				58688A932A4837DE0077D8DA /* iOS.Swift.app */,
			);
			name = Products;
			sourceTree = "<group>";
		};
		58688A952A4837DE0077D8DA /* iOS.Swift */ = {
			isa = PBXGroup;
			children = (
				586FD83E2AD7C3E1000536ED /* Code.swift */,
				586FD83D2AD7A53E000536ED /* Code */,
				58688A962A4837DE0077D8DA /* AppDelegate.swift */,
				58688A982A4837DE0077D8DA /* SceneDelegate.swift */,
				58688A9A2A4837DE0077D8DA /* ViewController.swift */,
				58688A9C2A4837DE0077D8DA /* Main.storyboard */,
				58688A9F2A4837DF0077D8DA /* Assets.xcassets */,
				58688AA12A4837DF0077D8DA /* LaunchScreen.storyboard */,
				58688AA42A4837DF0077D8DA /* Info.plist */,
				588D8E2F2A70191E0014D195 /* README.md */,
			);
			path = iOS.Swift;
			sourceTree = "<group>";
		};
		586FD83D2AD7A53E000536ED /* Code */ = {
			isa = PBXGroup;
			children = (
				588D8E042A5FF4A40014D195 /* Sort.swift */,
				588D8E062A6AC2970014D195 /* Backtrace.swift */,
				588D8E082A6AC3440014D195 /* Greedy.swift */,
				588D8E0C2A6E26540014D195 /* DynamicProgram.swift */,
				588D8E0E2A6E72FA0014D195 /* TDArray.swift */,
				588D8E2D2A6FD5DB0014D195 /* Partition.swift */,
				588D8E562A70FDBE0014D195 /* SlideWindow.swift */,
				58A7A5922A739C2D00939F74 /* BinaryTree.swift */,
				58A7A59F2A77944400939F74 /* LinkedList.swift */,
				58A7A5942A74F60A00939F74 /* Hash.swift */,
				58A7A5962A75107600939F74 /* Stack.swift */,
				58A7A5982A762F6700939F74 /* Enum.swift */,
				58A7A59A2A765DB100939F74 /* Subset.swift */,
				58A7A5A12A78065800939F74 /* Exams.swift */,
				585B49782A83B0D900B60E34 /* LowestCommonMutiple.swift */,
			);
			path = Code;
			sourceTree = "<group>";
		};
		70ED026FE49001A1C61E4B51 /* Pods */ = {
			isa = PBXGroup;
			children = (
				1292C83C5AECE1630949576F /* Pods-iOS.Swift.debug.xcconfig */,
				D9133723E616C8F20AEE4BC1 /* Pods-iOS.Swift.release.xcconfig */,
			);
			path = Pods;
			sourceTree = "<group>";
		};
		FC962D38FC16CB056BE38333 /* Frameworks */ = {
			isa = PBXGroup;
			children = (
				2DBA92CAC1B472336FFA1EFA /* Pods_iOS_Swift.framework */,
			);
			name = Frameworks;
			sourceTree = "<group>";
		};
/* End PBXGroup section */

/* Begin PBXNativeTarget section */
		58688A922A4837DE0077D8DA /* iOS.Swift */ = {
			isa = PBXNativeTarget;
			buildConfigurationList = 58688AA72A4837DF0077D8DA /* Build configuration list for PBXNativeTarget "iOS.Swift" */;
			buildPhases = (
				DC67E5AE336DD4AEC802412A /* [CP] Check Pods Manifest.lock */,
				58688A8F2A4837DE0077D8DA /* Sources */,
				58688A902A4837DE0077D8DA /* Frameworks */,
				58688A912A4837DE0077D8DA /* Resources */,
			);
			buildRules = (
			);
			dependencies = (
			);
			name = iOS.Swift;
			productName = iOS.Swift;
			productReference = 58688A932A4837DE0077D8DA /* iOS.Swift.app */;
			productType = "com.apple.product-type.application";
		};
/* End PBXNativeTarget section */

/* Begin PBXProject section */
		58688A8B2A4837DE0077D8DA /* Project object */ = {
			isa = PBXProject;
			attributes = {
				BuildIndependentTargetsInParallel = 1;
				LastSwiftUpdateCheck = 1430;
				LastUpgradeCheck = 1500;
				TargetAttributes = {
					58688A922A4837DE0077D8DA = {
						CreatedOnToolsVersion = 14.3.1;
					};
				};
			};
			buildConfigurationList = 58688A8E2A4837DE0077D8DA /* Build configuration list for PBXProject "iOS.Swift" */;
			compatibilityVersion = "Xcode 14.0";
			developmentRegion = en;
			hasScannedForEncodings = 0;
			knownRegions = (
				en,
				Base,
			);
			mainGroup = 58688A8A2A4837DE0077D8DA;
			productRefGroup = 58688A942A4837DE0077D8DA /* Products */;
			projectDirPath = "";
			projectRoot = "";
			targets = (
				58688A922A4837DE0077D8DA /* iOS.Swift */,
			);
		};
/* End PBXProject section */

/* Begin PBXResourcesBuildPhase section */
		58688A912A4837DE0077D8DA /* Resources */ = {
			isa = PBXResourcesBuildPhase;
			buildActionMask = 2147483647;
			files = (
				58688AA32A4837DF0077D8DA /* LaunchScreen.storyboard in Resources */,
				58688AA02A4837DF0077D8DA /* Assets.xcassets in Resources */,
				588D8E302A70191E0014D195 /* README.md in Resources */,
				58688A9E2A4837DE0077D8DA /* Main.storyboard in Resources */,
			);
			runOnlyForDeploymentPostprocessing = 0;
		};
/* End PBXResourcesBuildPhase section */

/* Begin PBXShellScriptBuildPhase section */
		DC67E5AE336DD4AEC802412A /* [CP] Check Pods Manifest.lock */ = {
			isa = PBXShellScriptBuildPhase;
			buildActionMask = 2147483647;
			files = (
			);
			inputFileListPaths = (
			);
			inputPaths = (
				"${PODS_PODFILE_DIR_PATH}/Podfile.lock",
				"${PODS_ROOT}/Manifest.lock",
			);
			name = "[CP] Check Pods Manifest.lock";
			outputFileListPaths = (
			);
			outputPaths = (
				"$(DERIVED_FILE_DIR)/Pods-iOS.Swift-checkManifestLockResult.txt",
			);
			runOnlyForDeploymentPostprocessing = 0;
			shellPath = /bin/sh;
			shellScript = "diff \"${PODS_PODFILE_DIR_PATH}/Podfile.lock\" \"${PODS_ROOT}/Manifest.lock\" > /dev/null\nif [ $? != 0 ] ; then\n    # print error to STDERR\n    echo \"error: The sandbox is not in sync with the Podfile.lock. Run 'pod install' or update your CocoaPods installation.\" >&2\n    exit 1\nfi\n# This output is used by Xcode 'outputs' to avoid re-running this script phase.\necho \"SUCCESS\" > \"${SCRIPT_OUTPUT_FILE_0}\"\n";
			showEnvVarsInLog = 0;
		};
/* End PBXShellScriptBuildPhase section */

/* Begin PBXSourcesBuildPhase section */
		58688A8F2A4837DE0077D8DA /* Sources */ = {
			isa = PBXSourcesBuildPhase;
			buildActionMask = 2147483647;
			files = (
				58688A9B2A4837DE0077D8DA /* ViewController.swift in Sources */,
				58A7A5972A75107600939F74 /* Stack.swift in Sources */,
				586FD83F2AD7C3E1000536ED /* Code.swift in Sources */,
				58A7A5952A74F60A00939F74 /* Hash.swift in Sources */,
				588D8E0D2A6E26540014D195 /* DynamicProgram.swift in Sources */,
				58A7A5992A762F6700939F74 /* Enum.swift in Sources */,
				588D8E092A6AC3440014D195 /* Greedy.swift in Sources */,
				588D8E052A5FF4A40014D195 /* Sort.swift in Sources */,
				58A7A59B2A765DB100939F74 /* Subset.swift in Sources */,
				588D8E072A6AC2970014D195 /* Backtrace.swift in Sources */,
				588D8E572A70FDBE0014D195 /* SlideWindow.swift in Sources */,
				58A7A5932A739C2D00939F74 /* BinaryTree.swift in Sources */,
				588D8E2E2A6FD5DB0014D195 /* Partition.swift in Sources */,
				588D8E0F2A6E72FA0014D195 /* TDArray.swift in Sources */,
				585B49792A83B0D900B60E34 /* LowestCommonMutiple.swift in Sources */,
				58688A972A4837DE0077D8DA /* AppDelegate.swift in Sources */,
				58A7A5A22A78065800939F74 /* Exams.swift in Sources */,
				58688A992A4837DE0077D8DA /* SceneDelegate.swift in Sources */,
				58A7A5A02A77944400939F74 /* LinkedList.swift in Sources */,
			);
			runOnlyForDeploymentPostprocessing = 0;
		};
/* End PBXSourcesBuildPhase section */

/* Begin PBXVariantGroup section */
		58688A9C2A4837DE0077D8DA /* Main.storyboard */ = {
			isa = PBXVariantGroup;
			children = (
				58688A9D2A4837DE0077D8DA /* Base */,
			);
			name = Main.storyboard;
			sourceTree = "<group>";
		};
		58688AA12A4837DF0077D8DA /* LaunchScreen.storyboard */ = {
			isa = PBXVariantGroup;
			children = (
				58688AA22A4837DF0077D8DA /* Base */,
			);
			name = LaunchScreen.storyboard;
			sourceTree = "<group>";
		};
/* End PBXVariantGroup section */

/* Begin XCBuildConfiguration section */
		58688AA52A4837DF0077D8DA /* Debug */ = {
			isa = XCBuildConfiguration;
			buildSettings = {
				ALWAYS_SEARCH_USER_PATHS = NO;
				CLANG_ANALYZER_NONNULL = YES;
				CLANG_ANALYZER_NUMBER_OBJECT_CONVERSION = YES_AGGRESSIVE;
				CLANG_CXX_LANGUAGE_STANDARD = "gnu++20";
				CLANG_ENABLE_MODULES = YES;
				CLANG_ENABLE_OBJC_ARC = YES;
				CLANG_ENABLE_OBJC_WEAK = YES;
				CLANG_WARN_BLOCK_CAPTURE_AUTORELEASING = YES;
				CLANG_WARN_BOOL_CONVERSION = YES;
				CLANG_WARN_COMMA = YES;
				CLANG_WARN_CONSTANT_CONVERSION = YES;
				CLANG_WARN_DEPRECATED_OBJC_IMPLEMENTATIONS = YES;
				CLANG_WARN_DIRECT_OBJC_ISA_USAGE = YES_ERROR;
				CLANG_WARN_DOCUMENTATION_COMMENTS = YES;
				CLANG_WARN_EMPTY_BODY = YES;
				CLANG_WARN_ENUM_CONVERSION = YES;
				CLANG_WARN_INFINITE_RECURSION = YES;
				CLANG_WARN_INT_CONVERSION = YES;
				CLANG_WARN_NON_LITERAL_NULL_CONVERSION = YES;
				CLANG_WARN_OBJC_IMPLICIT_RETAIN_SELF = YES;
				CLANG_WARN_OBJC_LITERAL_CONVERSION = YES;
				CLANG_WARN_OBJC_ROOT_CLASS = YES_ERROR;
				CLANG_WARN_QUOTED_INCLUDE_IN_FRAMEWORK_HEADER = YES;
				CLANG_WARN_RANGE_LOOP_ANALYSIS = YES;
				CLANG_WARN_STRICT_PROTOTYPES = YES;
				CLANG_WARN_SUSPICIOUS_MOVE = YES;
				CLANG_WARN_UNGUARDED_AVAILABILITY = YES_AGGRESSIVE;
				CLANG_WARN_UNREACHABLE_CODE = YES;
				CLANG_WARN__DUPLICATE_METHOD_MATCH = YES;
				COPY_PHASE_STRIP = NO;
				DEBUG_INFORMATION_FORMAT = dwarf;
				ENABLE_STRICT_OBJC_MSGSEND = YES;
				ENABLE_TESTABILITY = YES;
				ENABLE_USER_SCRIPT_SANDBOXING = YES;
				GCC_C_LANGUAGE_STANDARD = gnu11;
				GCC_DYNAMIC_NO_PIC = NO;
				GCC_NO_COMMON_BLOCKS = YES;
				GCC_OPTIMIZATION_LEVEL = 0;
				GCC_PREPROCESSOR_DEFINITIONS = (
					"DEBUG=1",
					"$(inherited)",
				);
				GCC_WARN_64_TO_32_BIT_CONVERSION = YES;
				GCC_WARN_ABOUT_RETURN_TYPE = YES_ERROR;
				GCC_WARN_UNDECLARED_SELECTOR = YES;
				GCC_WARN_UNINITIALIZED_AUTOS = YES_AGGRESSIVE;
				GCC_WARN_UNUSED_FUNCTION = YES;
				GCC_WARN_UNUSED_VARIABLE = YES;
				IPHONEOS_DEPLOYMENT_TARGET = 16.4;
				MTL_ENABLE_DEBUG_INFO = INCLUDE_SOURCE;
				MTL_FAST_MATH = YES;
				ONLY_ACTIVE_ARCH = YES;
				SDKROOT = iphoneos;
				SWIFT_ACTIVE_COMPILATION_CONDITIONS = DEBUG;
				SWIFT_OPTIMIZATION_LEVEL = "-Onone";
			};
			name = Debug;
		};
		58688AA62A4837DF0077D8DA /* Release */ = {
			isa = XCBuildConfiguration;
			buildSettings = {
				ALWAYS_SEARCH_USER_PATHS = NO;
				CLANG_ANALYZER_NONNULL = YES;
				CLANG_ANALYZER_NUMBER_OBJECT_CONVERSION = YES_AGGRESSIVE;
				CLANG_CXX_LANGUAGE_STANDARD = "gnu++20";
				CLANG_ENABLE_MODULES = YES;
				CLANG_ENABLE_OBJC_ARC = YES;
				CLANG_ENABLE_OBJC_WEAK = YES;
				CLANG_WARN_BLOCK_CAPTURE_AUTORELEASING = YES;
				CLANG_WARN_BOOL_CONVERSION = YES;
				CLANG_WARN_COMMA = YES;
				CLANG_WARN_CONSTANT_CONVERSION = YES;
				CLANG_WARN_DEPRECATED_OBJC_IMPLEMENTATIONS = YES;
				CLANG_WARN_DIRECT_OBJC_ISA_USAGE = YES_ERROR;
				CLANG_WARN_DOCUMENTATION_COMMENTS = YES;
				CLANG_WARN_EMPTY_BODY = YES;
				CLANG_WARN_ENUM_CONVERSION = YES;
				CLANG_WARN_INFINITE_RECURSION = YES;
				CLANG_WARN_INT_CONVERSION = YES;
				CLANG_WARN_NON_LITERAL_NULL_CONVERSION = YES;
				CLANG_WARN_OBJC_IMPLICIT_RETAIN_SELF = YES;
				CLANG_WARN_OBJC_LITERAL_CONVERSION = YES;
				CLANG_WARN_OBJC_ROOT_CLASS = YES_ERROR;
				CLANG_WARN_QUOTED_INCLUDE_IN_FRAMEWORK_HEADER = YES;
				CLANG_WARN_RANGE_LOOP_ANALYSIS = YES;
				CLANG_WARN_STRICT_PROTOTYPES = YES;
				CLANG_WARN_SUSPICIOUS_MOVE = YES;
				CLANG_WARN_UNGUARDED_AVAILABILITY = YES_AGGRESSIVE;
				CLANG_WARN_UNREACHABLE_CODE = YES;
				CLANG_WARN__DUPLICATE_METHOD_MATCH = YES;
				COPY_PHASE_STRIP = NO;
				DEBUG_INFORMATION_FORMAT = "dwarf-with-dsym";
				ENABLE_NS_ASSERTIONS = NO;
				ENABLE_STRICT_OBJC_MSGSEND = YES;
				ENABLE_USER_SCRIPT_SANDBOXING = YES;
				GCC_C_LANGUAGE_STANDARD = gnu11;
				GCC_NO_COMMON_BLOCKS = YES;
				GCC_WARN_64_TO_32_BIT_CONVERSION = YES;
				GCC_WARN_ABOUT_RETURN_TYPE = YES_ERROR;
				GCC_WARN_UNDECLARED_SELECTOR = YES;
				GCC_WARN_UNINITIALIZED_AUTOS = YES_AGGRESSIVE;
				GCC_WARN_UNUSED_FUNCTION = YES;
				GCC_WARN_UNUSED_VARIABLE = YES;
				IPHONEOS_DEPLOYMENT_TARGET = 16.4;
				MTL_ENABLE_DEBUG_INFO = NO;
				MTL_FAST_MATH = YES;
				SDKROOT = iphoneos;
				SWIFT_COMPILATION_MODE = wholemodule;
				SWIFT_OPTIMIZATION_LEVEL = "-O";
				VALIDATE_PRODUCT = YES;
			};
			name = Release;
		};
		58688AA82A4837DF0077D8DA /* Debug */ = {
			isa = XCBuildConfiguration;
			baseConfigurationReference = 1292C83C5AECE1630949576F /* Pods-iOS.Swift.debug.xcconfig */;
			buildSettings = {
				ASSETCATALOG_COMPILER_APPICON_NAME = AppIcon;
				ASSETCATALOG_COMPILER_GLOBAL_ACCENT_COLOR_NAME = AccentColor;
				CODE_SIGN_STYLE = Automatic;
				CURRENT_PROJECT_VERSION = 1;
				DEVELOPMENT_TEAM = FM6CWNE4AZ;
				GENERATE_INFOPLIST_FILE = YES;
				INFOPLIST_FILE = iOS.Swift/Info.plist;
				INFOPLIST_KEY_UIApplicationSupportsIndirectInputEvents = YES;
				INFOPLIST_KEY_UILaunchStoryboardName = LaunchScreen;
				INFOPLIST_KEY_UIMainStoryboardFile = Main;
				INFOPLIST_KEY_UISupportedInterfaceOrientations_iPad = "UIInterfaceOrientationPortrait UIInterfaceOrientationPortraitUpsideDown UIInterfaceOrientationLandscapeLeft UIInterfaceOrientationLandscapeRight";
				INFOPLIST_KEY_UISupportedInterfaceOrientations_iPhone = "UIInterfaceOrientationPortrait UIInterfaceOrientationLandscapeLeft UIInterfaceOrientationLandscapeRight";
				LD_RUNPATH_SEARCH_PATHS = (
					"$(inherited)",
					"@executable_path/Frameworks",
				);
				MARKETING_VERSION = 1.0;
				PRODUCT_BUNDLE_IDENTIFIER = "com.zk.iOS-Swift";
				PRODUCT_NAME = "$(TARGET_NAME)";
				SWIFT_EMIT_LOC_STRINGS = YES;
				SWIFT_VERSION = 5.0;
				TARGETED_DEVICE_FAMILY = "1,2";
			};
			name = Debug;
		};
		58688AA92A4837DF0077D8DA /* Release */ = {
			isa = XCBuildConfiguration;
			baseConfigurationReference = D9133723E616C8F20AEE4BC1 /* Pods-iOS.Swift.release.xcconfig */;
			buildSettings = {
				ASSETCATALOG_COMPILER_APPICON_NAME = AppIcon;
				ASSETCATALOG_COMPILER_GLOBAL_ACCENT_COLOR_NAME = AccentColor;
				CODE_SIGN_STYLE = Automatic;
				CURRENT_PROJECT_VERSION = 1;
				DEVELOPMENT_TEAM = FM6CWNE4AZ;
				GENERATE_INFOPLIST_FILE = YES;
				INFOPLIST_FILE = iOS.Swift/Info.plist;
				INFOPLIST_KEY_UIApplicationSupportsIndirectInputEvents = YES;
				INFOPLIST_KEY_UILaunchStoryboardName = LaunchScreen;
				INFOPLIST_KEY_UIMainStoryboardFile = Main;
				INFOPLIST_KEY_UISupportedInterfaceOrientations_iPad = "UIInterfaceOrientationPortrait UIInterfaceOrientationPortraitUpsideDown UIInterfaceOrientationLandscapeLeft UIInterfaceOrientationLandscapeRight";
				INFOPLIST_KEY_UISupportedInterfaceOrientations_iPhone = "UIInterfaceOrientationPortrait UIInterfaceOrientationLandscapeLeft UIInterfaceOrientationLandscapeRight";
				LD_RUNPATH_SEARCH_PATHS = (
					"$(inherited)",
					"@executable_path/Frameworks",
				);
				MARKETING_VERSION = 1.0;
				PRODUCT_BUNDLE_IDENTIFIER = "com.zk.iOS-Swift";
				PRODUCT_NAME = "$(TARGET_NAME)";
				SWIFT_EMIT_LOC_STRINGS = YES;
				SWIFT_VERSION = 5.0;
				TARGETED_DEVICE_FAMILY = "1,2";
			};
			name = Release;
		};
/* End XCBuildConfiguration section */

/* Begin XCConfigurationList section */
		58688A8E2A4837DE0077D8DA /* Build configuration list for PBXProject "iOS.Swift" */ = {
			isa = XCConfigurationList;
			buildConfigurations = (
				58688AA52A4837DF0077D8DA /* Debug */,
				58688AA62A4837DF0077D8DA /* Release */,
			);
			defaultConfigurationIsVisible = 0;
			defaultConfigurationName = Release;
		};
		58688AA72A4837DF0077D8DA /* Build configuration list for PBXNativeTarget "iOS.Swift" */ = {
			isa = XCConfigurationList;
			buildConfigurations = (
				58688AA82A4837DF0077D8DA /* Debug */,
				58688AA92A4837DF0077D8DA /* Release */,
			);
			defaultConfigurationIsVisible = 0;
			defaultConfigurationName = Release;
		};
/* End XCConfigurationList section */
	};
	rootObject = 58688A8B2A4837DE0077D8DA /* Project object */;
}
